
Microsoft Visual Studio Solution File, Format Version 12.00
# Visual Studio Version 17
VisualStudioVersion = 17.11.35327.3
MinimumVisualStudioVersion = 10.0.40219.1
Project("{9A19103F-16F7-4668-BE54-9A1E7A4F7556}") = "dressly_site2", "dressly_site\dressly_site2.csproj", "{9ABC0C73-26E3-4188-A29D-25AADA0ED7C3}"
EndProject
Project("{9A19103F-16F7-4668-BE54-9A1E7A4F7556}") = "ClassLibrary1", "ClassLibrary1\ClassLibrary1.csproj", "{610E2CF1-A038-411B-A9DE-E745C6532488}"
EndProject
Project("{9A19103F-16F7-4668-BE54-9A1E7A4F7556}") = "API", "API\API.csproj", "{8C7860D4-9E94-4E67-A75B-7360D289813F}"
EndProject
Global
	GlobalSection(SolutionConfigurationPlatforms) = preSolution
		Debug|Any CPU = Debug|Any CPU
		Release|Any CPU = Release|Any CPU
	EndGlobalSection
	GlobalSection(ProjectConfigurationPlatforms) = postSolution
		{9ABC0C73-26E3-4188-A29D-25AADA0ED7C3}.Debug|Any CPU.ActiveCfg = Debug|Any CPU
		{9ABC0C73-26E3-4188-A29D-25AADA0ED7C3}.Debug|Any CPU.Build.0 = Debug|Any CPU
		{9ABC0C73-26E3-4188-A29D-25AADA0ED7C3}.Release|Any CPU.ActiveCfg = Release|Any CPU
		{9ABC0C73-26E3-4188-A29D-25AADA0ED7C3}.Release|Any CPU.Build.0 = Release|Any CPU
		{610E2CF1-A038-411B-A9DE-E745C6532488}.Debug|Any CPU.ActiveCfg = Debug|Any CPU
		{610E2CF1-A038-411B-A9DE-E745C6532488}.Debug|Any CPU.Build.0 = Debug|Any CPU
		{610E2CF1-A038-411B-A9DE-E745C6532488}.Release|Any CPU.ActiveCfg = Release|Any CPU
		{610E2CF1-A038-411B-A9DE-E745C6532488}.Release|Any CPU.Build.0 = Release|Any CPU
		{8C7860D4-9E94-4E67-A75B-7360D289813F}.Debug|Any CPU.ActiveCfg = Debug|Any CPU
		{8C7860D4-9E94-4E67-A75B-7360D289813F}.Debug|Any CPU.Build.0 = Debug|Any CPU
		{8C7860D4-9E94-4E67-A75B-7360D289813F}.Release|Any CPU.ActiveCfg = Release|Any CPU
		{8C7860D4-9E94-4E67-A75B-7360D289813F}.Release|Any CPU.Build.0 = Release|Any CPU
	EndGlobalSection
	GlobalSection(SolutionProperties) = preSolution
		HideSolutionNode = FALSE
	EndGlobalSection
	GlobalSection(ExtensibilityGlobals) = postSolution
		SolutionGuid = {DF4DC9BB-8AAE-4934-9E06-107A1AD9CDDC}
	EndGlobalSection
EndGlobal
